
Microsoft Visual Studio Solution File, Format Version 12.00
Project("{2150E333-8FDC-42A3-9474-1A3956D46DE8}") = "Bootstrapper", "Bootstrapper", "{08BDAA0F-5042-4CE6-9D9A-5DAEEA50AA9A}"
EndProject
Project("{2150E333-8FDC-42A3-9474-1A3956D46DE8}") = "Modules", "Modules", "{8480C596-C53C-4BF8-8B23-58DA6A73E20C}"
EndProject
Project("{2150E333-8FDC-42A3-9474-1A3956D46DE8}") = "Shared", "Shared", "{D3DB24FB-BA1B-43F4-A55B-EF009D1CAA50}"
EndProject
Project("{FAE04EC0-301F-11D3-BF4B-00C04F79EFBC}") = "Api", "Bootstrapper\Api\Api.csproj", "{AA8F2A78-7E54-41AE-AFB9-0CE4A511CBD3}"
EndProject
Project("{2150E333-8FDC-42A3-9474-1A3956D46DE8}") = "Basket", "Basket", "{7A98F2B5-1EF5-49D8-8B64-FDD1D7A4F030}"
EndProject
Project("{2150E333-8FDC-42A3-9474-1A3956D46DE8}") = "Catalog", "Catalog", "{84A949C9-1526-41BD-AD6F-C85503652E5F}"
EndProject
Project("{2150E333-8FDC-42A3-9474-1A3956D46DE8}") = "Ordering", "Ordering", "{5FD198DD-F894-4BAC-A5E0-44111E17847F}"
EndProject
Project("{FAE04EC0-301F-11D3-BF4B-00C04F79EFBC}") = "Catalog", "Catalog\Catalog\Catalog.csproj", "{5D30C6C7-AF12-491D-A144-FEFC025B793A}"
EndProject
Project("{FAE04EC0-301F-11D3-BF4B-00C04F79EFBC}") = "Basket", "Basket\Basket\Basket.csproj", "{3E64CCF1-0FDA-4BEA-8B2F-48C5C0B3C70A}"
EndProject
Project("{FAE04EC0-301F-11D3-BF4B-00C04F79EFBC}") = "Ordering", "Ordering\Ordering\Ordering.csproj", "{CD83C81A-86AD-4282-91B6-4C268FBE6AF2}"
EndProject
Project("{FAE04EC0-301F-11D3-BF4B-00C04F79EFBC}") = "Shared", "Shared\Shared\Shared.csproj", "{9E2BAEB6-9D4E-4001-83B7-9899149522EA}"
EndProject
Project("{2150E333-8FDC-42A3-9474-1A3956D46DE8}") = "Solution Items", "Solution Items", "{69B26607-0A62-4A7A-83DD-6F094690BD10}"
	ProjectSection(SolutionItems) = preProject
		docker-compose.yml = docker-compose.yml
	EndProjectSection
EndProject
Project("{FAE04EC0-301F-11D3-BF4B-00C04F79EFBC}") = "Catalog.Contracts", "Catalog\Catalog.Contracts\Catalog.Contracts.csproj", "{DACB9D98-96DB-44C6-ADCF-B70CA27E8E87}"
EndProject
Project("{FAE04EC0-301F-11D3-BF4B-00C04F79EFBC}") = "Shared.Contracts", "Shared\Shared.Contracts\Shared.Contracts.csproj", "{8FD9FAC9-35A9-425D-8EAF-5EDEF1A1A617}"
EndProject
Project("{FAE04EC0-301F-11D3-BF4B-00C04F79EFBC}") = "Shared.Messaging", "Shared\Shared.Messaging\Shared.Messaging.csproj", "{D4F69BB7-7598-498E-91DC-3E3EF4274E69}"
EndProject
Global
	GlobalSection(SolutionConfigurationPlatforms) = preSolution
		Debug|Any CPU = Debug|Any CPU
		Release|Any CPU = Release|Any CPU
	EndGlobalSection
	GlobalSection(NestedProjects) = preSolution
		{AA8F2A78-7E54-41AE-AFB9-0CE4A511CBD3} = {08BDAA0F-5042-4CE6-9D9A-5DAEEA50AA9A}
		{7A98F2B5-1EF5-49D8-8B64-FDD1D7A4F030} = {8480C596-C53C-4BF8-8B23-58DA6A73E20C}
		{84A949C9-1526-41BD-AD6F-C85503652E5F} = {8480C596-C53C-4BF8-8B23-58DA6A73E20C}
		{5FD198DD-F894-4BAC-A5E0-44111E17847F} = {8480C596-C53C-4BF8-8B23-58DA6A73E20C}
		{5D30C6C7-AF12-491D-A144-FEFC025B793A} = {84A949C9-1526-41BD-AD6F-C85503652E5F}
		{3E64CCF1-0FDA-4BEA-8B2F-48C5C0B3C70A} = {7A98F2B5-1EF5-49D8-8B64-FDD1D7A4F030}
		{CD83C81A-86AD-4282-91B6-4C268FBE6AF2} = {5FD198DD-F894-4BAC-A5E0-44111E17847F}
		{9E2BAEB6-9D4E-4001-83B7-9899149522EA} = {D3DB24FB-BA1B-43F4-A55B-EF009D1CAA50}
		{DACB9D98-96DB-44C6-ADCF-B70CA27E8E87} = {84A949C9-1526-41BD-AD6F-C85503652E5F}
		{8FD9FAC9-35A9-425D-8EAF-5EDEF1A1A617} = {D3DB24FB-BA1B-43F4-A55B-EF009D1CAA50}
		{D4F69BB7-7598-498E-91DC-3E3EF4274E69} = {D3DB24FB-BA1B-43F4-A55B-EF009D1CAA50}
	EndGlobalSection
	GlobalSection(ProjectConfigurationPlatforms) = postSolution
		{AA8F2A78-7E54-41AE-AFB9-0CE4A511CBD3}.Debug|Any CPU.ActiveCfg = Debug|Any CPU
		{AA8F2A78-7E54-41AE-AFB9-0CE4A511CBD3}.Debug|Any CPU.Build.0 = Debug|Any CPU
		{AA8F2A78-7E54-41AE-AFB9-0CE4A511CBD3}.Release|Any CPU.ActiveCfg = Release|Any CPU
		{AA8F2A78-7E54-41AE-AFB9-0CE4A511CBD3}.Release|Any CPU.Build.0 = Release|Any CPU
		{5D30C6C7-AF12-491D-A144-FEFC025B793A}.Debug|Any CPU.ActiveCfg = Debug|Any CPU
		{5D30C6C7-AF12-491D-A144-FEFC025B793A}.Debug|Any CPU.Build.0 = Debug|Any CPU
		{5D30C6C7-AF12-491D-A144-FEFC025B793A}.Release|Any CPU.ActiveCfg = Release|Any CPU
		{5D30C6C7-AF12-491D-A144-FEFC025B793A}.Release|Any CPU.Build.0 = Release|Any CPU
		{3E64CCF1-0FDA-4BEA-8B2F-48C5C0B3C70A}.Debug|Any CPU.ActiveCfg = Debug|Any CPU
		{3E64CCF1-0FDA-4BEA-8B2F-48C5C0B3C70A}.Debug|Any CPU.Build.0 = Debug|Any CPU
		{3E64CCF1-0FDA-4BEA-8B2F-48C5C0B3C70A}.Release|Any CPU.ActiveCfg = Release|Any CPU
		{3E64CCF1-0FDA-4BEA-8B2F-48C5C0B3C70A}.Release|Any CPU.Build.0 = Release|Any CPU
		{CD83C81A-86AD-4282-91B6-4C268FBE6AF2}.Debug|Any CPU.ActiveCfg = Debug|Any CPU
		{CD83C81A-86AD-4282-91B6-4C268FBE6AF2}.Debug|Any CPU.Build.0 = Debug|Any CPU
		{CD83C81A-86AD-4282-91B6-4C268FBE6AF2}.Release|Any CPU.ActiveCfg = Release|Any CPU
		{CD83C81A-86AD-4282-91B6-4C268FBE6AF2}.Release|Any CPU.Build.0 = Release|Any CPU
		{9E2BAEB6-9D4E-4001-83B7-9899149522EA}.Debug|Any CPU.ActiveCfg = Debug|Any CPU
		{9E2BAEB6-9D4E-4001-83B7-9899149522EA}.Debug|Any CPU.Build.0 = Debug|Any CPU
		{9E2BAEB6-9D4E-4001-83B7-9899149522EA}.Release|Any CPU.ActiveCfg = Release|Any CPU
		{9E2BAEB6-9D4E-4001-83B7-9899149522EA}.Release|Any CPU.Build.0 = Release|Any CPU
		{DACB9D98-96DB-44C6-ADCF-B70CA27E8E87}.Debug|Any CPU.ActiveCfg = Debug|Any CPU
		{DACB9D98-96DB-44C6-ADCF-B70CA27E8E87}.Debug|Any CPU.Build.0 = Debug|Any CPU
		{DACB9D98-96DB-44C6-ADCF-B70CA27E8E87}.Release|Any CPU.ActiveCfg = Release|Any CPU
		{DACB9D98-96DB-44C6-ADCF-B70CA27E8E87}.Release|Any CPU.Build.0 = Release|Any CPU
		{8FD9FAC9-35A9-425D-8EAF-5EDEF1A1A617}.Debug|Any CPU.ActiveCfg = Debug|Any CPU
		{8FD9FAC9-35A9-425D-8EAF-5EDEF1A1A617}.Debug|Any CPU.Build.0 = Debug|Any CPU
		{8FD9FAC9-35A9-425D-8EAF-5EDEF1A1A617}.Release|Any CPU.ActiveCfg = Release|Any CPU
		{8FD9FAC9-35A9-425D-8EAF-5EDEF1A1A617}.Release|Any CPU.Build.0 = Release|Any CPU
		{D4F69BB7-7598-498E-91DC-3E3EF4274E69}.Debug|Any CPU.ActiveCfg = Debug|Any CPU
		{D4F69BB7-7598-498E-91DC-3E3EF4274E69}.Debug|Any CPU.Build.0 = Debug|Any CPU
		{D4F69BB7-7598-498E-91DC-3E3EF4274E69}.Release|Any CPU.ActiveCfg = Release|Any CPU
		{D4F69BB7-7598-498E-91DC-3E3EF4274E69}.Release|Any CPU.Build.0 = Release|Any CPU
	EndGlobalSection
EndGlobal
